
Microsoft Visual Studio Solution File, Format Version 12.00
# Visual Studio Version 17
VisualStudioVersion = 17.3.32819.101
MinimumVisualStudioVersion = 10.0.40219.1
Project("{FAE04EC0-301F-11D3-BF4B-00C04F79EFBC}") = "LMS", "LMS\LMS.csproj", "{B63B5158-EF88-43D7-A693-EEFDE88DCADE}"
EndProject
Global
	GlobalSection(SolutionConfigurationPlatforms) = preSolution
		Debug|Any CPU = Debug|Any CPU
		Release|Any CPU = Release|Any CPU
	EndGlobalSection
	GlobalSection(ProjectConfigurationPlatforms) = postSolution
		{B63B5158-EF88-43D7-A693-EEFDE88DCADE}.Debug|Any CPU.ActiveCfg = Debug|Any CPU
		{B63B5158-EF88-43D7-A693-EEFDE88DCADE}.Debug|Any CPU.Build.0 = Debug|Any CPU
		{B63B5158-EF88-43D7-A693-EEFDE88DCADE}.Release|Any CPU.ActiveCfg = Release|Any CPU
		{B63B5158-EF88-43D7-A693-EEFDE88DCADE}.Release|Any CPU.Build.0 = Release|Any CPU
	EndGlobalSection
	GlobalSection(SolutionProperties) = preSolution
		HideSolutionNode = FALSE
	EndGlobalSection
	GlobalSection(ExtensibilityGlobals) = postSolution
		SolutionGuid = {3E5EEAF7-7D31-4925-8B2B-F7961726DEBA}
	EndGlobalSection
EndGlobal
